
Microsoft Visual Studio Solution File, Format Version 12.00
# Visual Studio 15
VisualStudioVersion = 15.0.28307.902
MinimumVisualStudioVersion = 10.0.40219.1
Project("{9A19103F-16F7-4668-BE54-9A1E7A4F7556}") = "Kiukie", "Kiukie\Kiukie.csproj", "{77FD9DA8-DBEE-4F42-AB14-6E0E9E42476E}"
EndProject
Project("{FAE04EC0-301F-11D3-BF4B-00C04F79EFBC}") = "Kiukie.Tests", "Kiukie.Tests\Kiukie.Tests.csproj", "{1C5B0172-66CA-40C7-97E7-0EE1936BBA60}"
EndProject
Global
	GlobalSection(SolutionConfigurationPlatforms) = preSolution
		Debug|Any CPU = Debug|Any CPU
		Release|Any CPU = Release|Any CPU
	EndGlobalSection
	GlobalSection(ProjectConfigurationPlatforms) = postSolution
		{77FD9DA8-DBEE-4F42-AB14-6E0E9E42476E}.Debug|Any CPU.ActiveCfg = Debug|Any CPU
		{77FD9DA8-DBEE-4F42-AB14-6E0E9E42476E}.Debug|Any CPU.Build.0 = Debug|Any CPU
		{77FD9DA8-DBEE-4F42-AB14-6E0E9E42476E}.Release|Any CPU.ActiveCfg = Release|Any CPU
		{77FD9DA8-DBEE-4F42-AB14-6E0E9E42476E}.Release|Any CPU.Build.0 = Release|Any CPU
		{1C5B0172-66CA-40C7-97E7-0EE1936BBA60}.Debug|Any CPU.ActiveCfg = Debug|Any CPU
		{1C5B0172-66CA-40C7-97E7-0EE1936BBA60}.Debug|Any CPU.Build.0 = Debug|Any CPU
		{1C5B0172-66CA-40C7-97E7-0EE1936BBA60}.Release|Any CPU.ActiveCfg = Release|Any CPU
		{1C5B0172-66CA-40C7-97E7-0EE1936BBA60}.Release|Any CPU.Build.0 = Release|Any CPU
	EndGlobalSection
	GlobalSection(SolutionProperties) = preSolution
		HideSolutionNode = FALSE
	EndGlobalSection
	GlobalSection(ExtensibilityGlobals) = postSolution
		SolutionGuid = {B9D0D515-4D6F-4CDB-8025-2D7E732765D2}
	EndGlobalSection
EndGlobal
